
Microsoft Visual Studio Solution File, Format Version 12.00
# Visual Studio 14
VisualStudioVersion = 14.0.25420.1
MinimumVisualStudioVersion = 10.0.40219.1
Project("{FAE04EC0-301F-11D3-BF4B-00C04F79EFBC}") = "DI.L.EntityFramework", "DI.L.EntityFramework\DI.L.EntityFramework.csproj", "{D30FE1DD-32E9-4193-9668-91F75FB9C887}"
EndProject
Project("{FAE04EC0-301F-11D3-BF4B-00C04F79EFBC}") = "DI.L.SQLGenerateCode", "DI.L.SQLGenerateCode\DI.L.SQLGenerateCode.csproj", "{9501BECC-0A14-4E61-A85C-34909A24A536}"
EndProject
Project("{FAE04EC0-301F-11D3-BF4B-00C04F79EFBC}") = "DI.L.Quartz.NET", "DI.L.Quartz.NET\DI.L.Quartz.NET.csproj", "{3102F165-831B-49A5-ADF9-651631068120}"
EndProject
Project("{8BB2217D-0F2D-49D1-97BC-3654ED321F3B}") = "DI.L.Changeable.Manage", "DI.L.Changeable.Manage\DI.L.Changeable.Manage.xproj", "{3572D0BB-41B7-4CAF-B855-EE0BEE423341}"
EndProject
Global
	GlobalSection(SolutionConfigurationPlatforms) = preSolution
		Debug|Any CPU = Debug|Any CPU
		Release|Any CPU = Release|Any CPU
	EndGlobalSection
	GlobalSection(ProjectConfigurationPlatforms) = postSolution
		{D30FE1DD-32E9-4193-9668-91F75FB9C887}.Debug|Any CPU.ActiveCfg = Debug|Any CPU
		{D30FE1DD-32E9-4193-9668-91F75FB9C887}.Debug|Any CPU.Build.0 = Debug|Any CPU
		{D30FE1DD-32E9-4193-9668-91F75FB9C887}.Release|Any CPU.ActiveCfg = Release|Any CPU
		{D30FE1DD-32E9-4193-9668-91F75FB9C887}.Release|Any CPU.Build.0 = Release|Any CPU
		{9501BECC-0A14-4E61-A85C-34909A24A536}.Debug|Any CPU.ActiveCfg = Debug|Any CPU
		{9501BECC-0A14-4E61-A85C-34909A24A536}.Debug|Any CPU.Build.0 = Debug|Any CPU
		{9501BECC-0A14-4E61-A85C-34909A24A536}.Release|Any CPU.ActiveCfg = Release|Any CPU
		{9501BECC-0A14-4E61-A85C-34909A24A536}.Release|Any CPU.Build.0 = Release|Any CPU
		{3102F165-831B-49A5-ADF9-651631068120}.Debug|Any CPU.ActiveCfg = Debug|Any CPU
		{3102F165-831B-49A5-ADF9-651631068120}.Debug|Any CPU.Build.0 = Debug|Any CPU
		{3102F165-831B-49A5-ADF9-651631068120}.Release|Any CPU.ActiveCfg = Release|Any CPU
		{3102F165-831B-49A5-ADF9-651631068120}.Release|Any CPU.Build.0 = Release|Any CPU
		{3572D0BB-41B7-4CAF-B855-EE0BEE423341}.Debug|Any CPU.ActiveCfg = Debug|Any CPU
		{3572D0BB-41B7-4CAF-B855-EE0BEE423341}.Debug|Any CPU.Build.0 = Debug|Any CPU
		{3572D0BB-41B7-4CAF-B855-EE0BEE423341}.Release|Any CPU.ActiveCfg = Release|Any CPU
		{3572D0BB-41B7-4CAF-B855-EE0BEE423341}.Release|Any CPU.Build.0 = Release|Any CPU
	EndGlobalSection
	GlobalSection(SolutionProperties) = preSolution
		HideSolutionNode = FALSE
	EndGlobalSection
EndGlobal
